{
  "name": "examples",
  "version": "1.0.0",
  "lockfileVersion": 1,
  "requires": true,
  "dependencies": {
    "amqplib": {
      "version": "0.5.2",
      "resolved": "https://registry.npmjs.org/amqplib/-/amqplib-0.5.2.tgz",
      "integrity": "sha512-l9mCs6LbydtHqRniRwYkKdqxVa6XMz3Vw1fh+2gJaaVgTM6Jk3o8RccAKWKtlhT1US5sWrFh+KKxsVUALURSIA==",
      "requires": {
        "bitsyntax": "0.0.4",
        "bluebird": "3.5.1",
        "buffer-more-ints": "0.0.2",
        "readable-stream": "1.1.14",
        "safe-buffer": "5.1.2"
      }
    },
    "ansi-styles": {
      "version": "3.2.1",
      "resolved": "https://registry.npmjs.org/ansi-styles/-/ansi-styles-3.2.1.tgz",
      "integrity": "sha512-VT0ZI6kZRdTh8YyJw3SMbYm/u+NqfsAxEpWO0Pf9sq8/e94WxxOpPKx9FR1FlyCtOVDNOQ+8ntlqFxiRc+r5qA==",
      "requires": {
        "color-convert": "1.9.2"
      }
    },
    "async": {
      "version": "2.6.1",
      "resolved": "https://registry.npmjs.org/async/-/async-2.6.1.tgz",
      "integrity": "sha512-fNEiL2+AZt6AlAw/29Cr0UDe4sRAHCpEHh54WMz+Bb7QfNcFw4h3loofyJpLeQs4Yx7yuqu/2dLgM5hKOs6HlQ==",
      "requires": {
        "lodash": "4.17.10"
      },
      "dependencies": {
        "lodash": {
          "version": "4.17.10",
          "resolved": "https://registry.npmjs.org/lodash/-/lodash-4.17.10.tgz",
          "integrity": "sha512-UejweD1pDoXu+AD825lWwp4ZGtSwgnpZxb3JDViD7StjQz+Nb/6l093lx4OQ0foGWNRoc19mWy7BzL+UAK2iVg=="
        }
      }
    },
    "bitsyntax": {
      "version": "0.0.4",
      "resolved": "https://registry.npmjs.org/bitsyntax/-/bitsyntax-0.0.4.tgz",
      "integrity": "sha1-6xDMb4K4xJDj6FaY8H6D1G4MuoI=",
      "requires": {
        "buffer-more-ints": "0.0.2"
      }
    },
    "bluebird": {
      "version": "3.5.1",
      "resolved": "https://registry.npmjs.org/bluebird/-/bluebird-3.5.1.tgz",
      "integrity": "sha512-MKiLiV+I1AA596t9w1sQJ8jkiSr5+ZKi0WKrYGUn6d1Fx+Ij4tIj+m2WMQSGczs5jZVxV339chE8iwk6F64wjA=="
    },
    "buffer-more-ints": {
      "version": "0.0.2",
      "resolved": "https://registry.npmjs.org/buffer-more-ints/-/buffer-more-ints-0.0.2.tgz",
      "integrity": "sha1-JrOIXRD6E9t/wBquOquHAZngEkw="
    },
    "chalk": {
      "version": "2.4.1",
      "resolved": "https://registry.npmjs.org/chalk/-/chalk-2.4.1.tgz",
      "integrity": "sha512-ObN6h1v2fTJSmUXoS3nMQ92LbDK9be4TV+6G+omQlGJFdcUX5heKi1LZ1YnRMIgwTLEj3E24bT6tYni50rlCfQ==",
      "requires": {
        "ansi-styles": "3.2.1",
        "escape-string-regexp": "1.0.5",
        "supports-color": "5.4.0"
      }
    },
    "chance": {
      "version": "1.0.16",
      "resolved": "https://registry.npmjs.org/chance/-/chance-1.0.16.tgz",
      "integrity": "sha512-2bgDHH5bVfAXH05SPtjqrsASzZ7h90yCuYT2z4mkYpxxYvJXiIydBFzVieVHZx7wLH1Ag2Azaaej2/zA1XUrNQ=="
    },
    "color-convert": {
      "version": "1.9.2",
      "resolved": "https://registry.npmjs.org/color-convert/-/color-convert-1.9.2.tgz",
      "integrity": "sha512-3NUJZdhMhcdPn8vJ9v2UQJoH0qqoGUkYTgFEPZaPjEtwmmKUfNV46zZmgB2M5M4DCEQHMaCfWHCxiBflLm04Tg==",
      "requires": {
        "color-name": "1.1.1"
      }
    },
    "color-name": {
      "version": "1.1.1",
      "resolved": "https://registry.npmjs.org/color-name/-/color-name-1.1.1.tgz",
      "integrity": "sha1-SxQVMEz1ACjqgWQ2Q72C6gWANok="
    },
    "core-util-is": {
      "version": "1.0.2",
      "resolved": "https://registry.npmjs.org/core-util-is/-/core-util-is-1.0.2.tgz",
      "integrity": "sha1-tf1UIgqivFq1eqtxQMlAdUUDwac="
    },
    "debug": {
      "version": "3.1.0",
      "resolved": "https://registry.npmjs.org/debug/-/debug-3.1.0.tgz",
      "integrity": "sha512-OX8XqP7/1a9cqkxYw2yXss15f26NKWBpDXQd0/uK/KPqdQhxbPa994hnzjcE2VqQpDslf55723cKPUOGSmMY3g==",
      "requires": {
        "ms": "2.0.0"
      }
    },
    "deep-freeze": {
      "version": "0.0.1",
      "resolved": "https://registry.npmjs.org/deep-freeze/-/deep-freeze-0.0.1.tgz",
      "integrity": "sha1-OgsABd4YZygZ39OM0x+RF5yJPoQ="
    },
    "double-ended-queue": {
      "version": "2.1.0-0",
      "resolved": "https://registry.npmjs.org/double-ended-queue/-/double-ended-queue-2.1.0-0.tgz",
      "integrity": "sha1-ED01J/0xUo9AGIEwyEHv3XgmTlw="
    },
    "escape-string-regexp": {
      "version": "1.0.5",
      "resolved": "https://registry.npmjs.org/escape-string-regexp/-/escape-string-regexp-1.0.5.tgz",
      "integrity": "sha1-G2HAViGQqN/2rjuyzwIAyhMLhtQ="
    },
    "forward-emitter": {
      "version": "0.1.1",
      "resolved": "https://registry.npmjs.org/forward-emitter/-/forward-emitter-0.1.1.tgz",
      "integrity": "sha1-Vu3QwIIlDtujNOC5Iv/SwBk53uE="
    },
    "generic-pool": {
      "version": "2.5.4",
      "resolved": "https://registry.npmjs.org/generic-pool/-/generic-pool-2.5.4.tgz",
      "integrity": "sha1-OMYYhRPhQDCUjsblz2VSPZd5KZs="
    },
    "has-flag": {
      "version": "3.0.0",
      "resolved": "https://registry.npmjs.org/has-flag/-/has-flag-3.0.0.tgz",
      "integrity": "sha1-tdRU3CGZriJWmfNGfloH87lVuv0="
    },
    "individual": {
      "version": "2.0.0",
      "resolved": "https://registry.npmjs.org/individual/-/individual-2.0.0.tgz",
      "integrity": "sha1-gzsJfa0jKU52EXqY+zjg2a1hu5c="
    },
    "inherits": {
      "version": "2.0.3",
      "resolved": "https://registry.npmjs.org/inherits/-/inherits-2.0.3.tgz",
      "integrity": "sha1-Yzwsg+PaQqUC9SRmAiSA9CCCYd4="
    },
    "isarray": {
      "version": "0.0.1",
      "resolved": "https://registry.npmjs.org/isarray/-/isarray-0.0.1.tgz",
      "integrity": "sha1-ihis/Kmo9Bd+Cav8YDiTmwXR7t8="
    },
    "lodash": {
      "version": "4.17.19",
      "resolved": "https://registry.npmjs.org/lodash/-/lodash-4.17.19.tgz",
      "integrity": "sha512-JNvd8XER9GQX0v2qJgsaN/mzFCNA5BRe/j8JN9d+tWyGLSodKQHKFicdwNYzWwI3wjRnaKPsGj1XkBjx/F96DQ=="
    },
    "lru-cache": {
      "version": "4.1.3",
      "resolved": "https://registry.npmjs.org/lru-cache/-/lru-cache-4.1.3.tgz",
      "integrity": "sha512-fFEhvcgzuIoJVUF8fYr5KR0YqxD238zgObTps31YdADwPPAp82a4M8TrckkWyx7ekNlf9aBcVn81cFwwXngrJA==",
      "requires": {
        "pseudomap": "1.0.2",
        "yallist": "2.1.2"
      }
    },
    "ms": {
      "version": "2.0.0",
      "resolved": "https://registry.npmjs.org/ms/-/ms-2.0.0.tgz",
      "integrity": "sha1-VgiurfwAvmwpAd9fmGF4jeDVl8g="
    },
    "pseudomap": {
      "version": "1.0.2",
      "resolved": "https://registry.npmjs.org/pseudomap/-/pseudomap-1.0.2.tgz",
      "integrity": "sha1-8FKijacOYYkX7wqKw0wa5aaChrM="
    },
    "rascal": {
      "version": "3.0.0",
      "resolved": "https://registry.npmjs.org/rascal/-/rascal-3.0.0.tgz",
      "integrity": "sha512-BvbkwbVTSxE+ffzVRLQTVAcSxzHnZU2nFMLW5UOaYy2U7HrEACgVhFLk9bx7u7LVCAWActtPK9GKepnFAOKnOw==",
      "requires": {
        "amqplib": "0.5.2",
        "async": "2.6.1",
        "debug": "3.1.0",
        "deep-freeze": "0.0.1",
        "forward-emitter": "0.1.1",
        "generic-pool": "2.5.4",
        "lodash": "4.17.10",
        "lru-cache": "4.1.3",
        "safe-json-parse": "4.0.0",
        "stashback": "1.0.2",
        "uuid": "3.3.2",
        "xregexp": "4.2.0"
      },
      "dependencies": {
        "lodash": {
          "version": "4.17.10",
          "resolved": "https://registry.npmjs.org/lodash/-/lodash-4.17.10.tgz",
          "integrity": "sha512-UejweD1pDoXu+AD825lWwp4ZGtSwgnpZxb3JDViD7StjQz+Nb/6l093lx4OQ0foGWNRoc19mWy7BzL+UAK2iVg=="
        }
      }
    },
    "readable-stream": {
      "version": "1.1.14",
      "resolved": "https://registry.npmjs.org/readable-stream/-/readable-stream-1.1.14.tgz",
      "integrity": "sha1-fPTFTvZI44EwhMY23SB54WbAgdk=",
      "requires": {
        "core-util-is": "1.0.2",
        "inherits": "2.0.3",
        "isarray": "0.0.1",
        "string_decoder": "0.10.31"
      }
    },
    "redis": {
      "version": "2.8.0",
      "resolved": "https://registry.npmjs.org/redis/-/redis-2.8.0.tgz",
      "integrity": "sha512-M1OkonEQwtRmZv4tEWF2VgpG0JWJ8Fv1PhlgT5+B+uNq2cA3Rt1Yt/ryoR+vQNOQcIEgdCdfH0jr3bDpihAw1A==",
      "requires": {
        "double-ended-queue": "2.1.0-0",
        "redis-commands": "1.3.5",
        "redis-parser": "2.6.0"
      }
    },
    "redis-commands": {
      "version": "1.3.5",
      "resolved": "https://registry.npmjs.org/redis-commands/-/redis-commands-1.3.5.tgz",
      "integrity": "sha512-foGF8u6MXGFF++1TZVC6icGXuMYPftKXt1FBT2vrfU9ZATNtZJ8duRC5d1lEfE8hyVe3jhelHGB91oB7I6qLsA=="
    },
    "redis-parser": {
      "version": "2.6.0",
      "resolved": "https://registry.npmjs.org/redis-parser/-/redis-parser-2.6.0.tgz",
      "integrity": "sha1-Uu0J2srBCPGmMcB+m2mUHnoZUEs="
    },
    "rust-result": {
      "version": "1.0.0",
      "resolved": "https://registry.npmjs.org/rust-result/-/rust-result-1.0.0.tgz",
      "integrity": "sha1-NMdbLm3Dn+WHXlveyFteD5FTb3I=",
      "requires": {
        "individual": "2.0.0"
      }
    },
    "safe-buffer": {
      "version": "5.1.2",
      "resolved": "https://registry.npmjs.org/safe-buffer/-/safe-buffer-5.1.2.tgz",
      "integrity": "sha512-Gd2UZBJDkXlY7GbJxfsE8/nvKkUEU1G38c1siN6QP6a9PT9MmHB8GnpscSmMJSoF8LOIrt8ud/wPtojys4G6+g=="
    },
    "safe-json-parse": {
      "version": "4.0.0",
      "resolved": "https://registry.npmjs.org/safe-json-parse/-/safe-json-parse-4.0.0.tgz",
      "integrity": "sha1-fA9XjPzNEtM6ccDgVBPi7KFx6qw=",
      "requires": {
        "rust-result": "1.0.0"
      }
    },
    "stashback": {
      "version": "1.0.2",
      "resolved": "https://registry.npmjs.org/stashback/-/stashback-1.0.2.tgz",
      "integrity": "sha512-JWiVV9GZu/IZkZV9CaH67X1mSoeKlyF6XyGk6k6Zokp511ZAZS3z1TZt31XvejEMgqtAywiLhO36/tAZLQ2T5w==",
      "requires": {
        "debug": "3.1.0",
        "lodash": "4.17.10"
      },
      "dependencies": {
        "lodash": {
          "version": "4.17.10",
          "resolved": "https://registry.npmjs.org/lodash/-/lodash-4.17.10.tgz",
          "integrity": "sha512-UejweD1pDoXu+AD825lWwp4ZGtSwgnpZxb3JDViD7StjQz+Nb/6l093lx4OQ0foGWNRoc19mWy7BzL+UAK2iVg=="
        }
      }
    },
    "string_decoder": {
      "version": "0.10.31",
      "resolved": "https://registry.npmjs.org/string_decoder/-/string_decoder-0.10.31.tgz",
      "integrity": "sha1-YuIDvEF2bGwoyfyEMB2rHFMQ+pQ="
    },
    "supports-color": {
      "version": "5.4.0",
      "resolved": "https://registry.npmjs.org/supports-color/-/supports-color-5.4.0.tgz",
      "integrity": "sha512-zjaXglF5nnWpsq470jSv6P9DwPvgLkuapYmfDm3JWOm0vkNTVF2tI4UrN2r6jH1qM/uc/WtxYY1hYoA2dOKj5w==",
      "requires": {
        "has-flag": "3.0.0"
      }
    },
    "uuid": {
      "version": "3.3.2",
      "resolved": "https://registry.npmjs.org/uuid/-/uuid-3.3.2.tgz",
      "integrity": "sha512-yXJmeNaw3DnnKAOKJE51sL/ZaYfWJRl1pK9dr19YFCu0ObS231AB1/LbqTKRAQ5kw8A90rA6fr4riOUpTZvQZA=="
    },
    "xregexp": {
      "version": "4.2.0",
      "resolved": "https://registry.npmjs.org/xregexp/-/xregexp-4.2.0.tgz",
      "integrity": "sha512-IyMa7SVe9FyT4WbQVW3b95mTLVceHhLEezQ02+QMvmIqDnKTxk0MLWIQPSW2MXAr1zQb+9yvwYhcyQULneh3wA=="
    },
    "yallist": {
      "version": "2.1.2",
      "resolved": "https://registry.npmjs.org/yallist/-/yallist-2.1.2.tgz",
      "integrity": "sha1-HBH5IY8HYImkfdUS+TxmmaaoHVI="
    }
  }
}
